// !$*UTF8*$!
{
	archiveVersion = 1;
	classes = {
	};
	objectVersion = 50;
	objects = {

/* Begin PBXBuildFile section */
		04189D2524CBE2A900C57B7E /* Utilities.swift in Sources */ = {isa = PBXBuildFile; fileRef = 04189D2424CBE2A900C57B7E /* Utilities.swift */; };
		04189D3524CFBF1F00C57B7E /* Nunito-ExtraBoldItalic.ttf in Resources */ = {isa = PBXBuildFile; fileRef = 04189D2724CFBF1E00C57B7E /* Nunito-ExtraBoldItalic.ttf */; };
		04189D3624CFBF1F00C57B7E /* Nunito-Bold.ttf in Resources */ = {isa = PBXBuildFile; fileRef = 04189D2824CFBF1E00C57B7E /* Nunito-Bold.ttf */; };
		04189D3724CFBF1F00C57B7E /* Nunito-Italic.ttf in Resources */ = {isa = PBXBuildFile; fileRef = 04189D2924CFBF1E00C57B7E /* Nunito-Italic.ttf */; };
		04189D3824CFBF1F00C57B7E /* Nunito-ExtraLightItalic.ttf in Resources */ = {isa = PBXBuildFile; fileRef = 04189D2A24CFBF1E00C57B7E /* Nunito-ExtraLightItalic.ttf */; };
		04189D3924CFBF1F00C57B7E /* Nunito-ExtraBold.ttf in Resources */ = {isa = PBXBuildFile; fileRef = 04189D2B24CFBF1E00C57B7E /* Nunito-ExtraBold.ttf */; };
		04189D3A24CFBF1F00C57B7E /* Nunito-BoldItalic.ttf in Resources */ = {isa = PBXBuildFile; fileRef = 04189D2C24CFBF1E00C57B7E /* Nunito-BoldItalic.ttf */; };
		04189D3B24CFBF1F00C57B7E /* Nunito-Light.ttf in Resources */ = {isa = PBXBuildFile; fileRef = 04189D2D24CFBF1E00C57B7E /* Nunito-Light.ttf */; };
		04189D3C24CFBF1F00C57B7E /* Nunito-BlackItalic.ttf in Resources */ = {isa = PBXBuildFile; fileRef = 04189D2E24CFBF1E00C57B7E /* Nunito-BlackItalic.ttf */; };
		04189D3D24CFBF1F00C57B7E /* Nunito-SemiBoldItalic.ttf in Resources */ = {isa = PBXBuildFile; fileRef = 04189D2F24CFBF1E00C57B7E /* Nunito-SemiBoldItalic.ttf */; };
		04189D3E24CFBF1F00C57B7E /* Nunito-Black.ttf in Resources */ = {isa = PBXBuildFile; fileRef = 04189D3024CFBF1E00C57B7E /* Nunito-Black.ttf */; };
		04189D3F24CFBF1F00C57B7E /* Nunito-LightItalic.ttf in Resources */ = {isa = PBXBuildFile; fileRef = 04189D3124CFBF1E00C57B7E /* Nunito-LightItalic.ttf */; };
		04189D4024CFBF1F00C57B7E /* Nunito-ExtraLight.ttf in Resources */ = {isa = PBXBuildFile; fileRef = 04189D3224CFBF1F00C57B7E /* Nunito-ExtraLight.ttf */; };
		04189D4124CFBF1F00C57B7E /* Nunito-SemiBold.ttf in Resources */ = {isa = PBXBuildFile; fileRef = 04189D3324CFBF1F00C57B7E /* Nunito-SemiBold.ttf */; };
		04189D4224CFBF1F00C57B7E /* Nunito-Regular.ttf in Resources */ = {isa = PBXBuildFile; fileRef = 04189D3424CFBF1F00C57B7E /* Nunito-Regular.ttf */; };
		04575A1824BF341B0004B1DC /* Current.swift in Sources */ = {isa = PBXBuildFile; fileRef = 04575A1724BF341B0004B1DC /* Current.swift */; };
		04575A1A24BFEAF30004B1DC /* InfoViewController.swift in Sources */ = {isa = PBXBuildFile; fileRef = 04575A1924BFEAF30004B1DC /* InfoViewController.swift */; };
		04575A2024C041840004B1DC /* BuyViewController.swift in Sources */ = {isa = PBXBuildFile; fileRef = 04575A1F24C041840004B1DC /* BuyViewController.swift */; };
		049E902824C42C530001D6F9 /* Cart.swift in Sources */ = {isa = PBXBuildFile; fileRef = 049E902724C42C530001D6F9 /* Cart.swift */; };
		049E902A24C538E40001D6F9 /* ProductViewController.swift in Sources */ = {isa = PBXBuildFile; fileRef = 049E902924C538E40001D6F9 /* ProductViewController.swift */; };
		049E902C24C555C30001D6F9 /* AddProductViewController.swift in Sources */ = {isa = PBXBuildFile; fileRef = 049E902B24C555C30001D6F9 /* AddProductViewController.swift */; };
		04C0E6A624BF0690002032D7 /* AppDelegate.swift in Sources */ = {isa = PBXBuildFile; fileRef = 04C0E6A524BF0690002032D7 /* AppDelegate.swift */; };
		04C0E6A824BF0690002032D7 /* SceneDelegate.swift in Sources */ = {isa = PBXBuildFile; fileRef = 04C0E6A724BF0690002032D7 /* SceneDelegate.swift */; };
		04C0E6AA24BF0690002032D7 /* ViewController.swift in Sources */ = {isa = PBXBuildFile; fileRef = 04C0E6A924BF0690002032D7 /* ViewController.swift */; };
		04C0E6AD24BF0690002032D7 /* Main.storyboard in Resources */ = {isa = PBXBuildFile; fileRef = 04C0E6AB24BF0690002032D7 /* Main.storyboard */; };
		04C0E6AF24BF0692002032D7 /* Assets.xcassets in Resources */ = {isa = PBXBuildFile; fileRef = 04C0E6AE24BF0692002032D7 /* Assets.xcassets */; };
		04C0E6B224BF0692002032D7 /* LaunchScreen.storyboard in Resources */ = {isa = PBXBuildFile; fileRef = 04C0E6B024BF0692002032D7 /* LaunchScreen.storyboard */; };
		04C0E6BA24BF08A7002032D7 /* Result.swift in Sources */ = {isa = PBXBuildFile; fileRef = 04C0E6B924BF08A7002032D7 /* Result.swift */; };
/* End PBXBuildFile section */

/* Begin PBXFileReference section */
		04189D2424CBE2A900C57B7E /* Utilities.swift */ = {isa = PBXFileReference; lastKnownFileType = sourcecode.swift; path = Utilities.swift; sourceTree = "<group>"; };
		04189D2724CFBF1E00C57B7E /* Nunito-ExtraBoldItalic.ttf */ = {isa = PBXFileReference; lastKnownFileType = file; path = "Nunito-ExtraBoldItalic.ttf"; sourceTree = "<group>"; };
		04189D2824CFBF1E00C57B7E /* Nunito-Bold.ttf */ = {isa = PBXFileReference; lastKnownFileType = file; path = "Nunito-Bold.ttf"; sourceTree = "<group>"; };
		04189D2924CFBF1E00C57B7E /* Nunito-Italic.ttf */ = {isa = PBXFileReference; lastKnownFileType = file; path = "Nunito-Italic.ttf"; sourceTree = "<group>"; };
		04189D2A24CFBF1E00C57B7E /* Nunito-ExtraLightItalic.ttf */ = {isa = PBXFileReference; lastKnownFileType = file; path = "Nunito-ExtraLightItalic.ttf"; sourceTree = "<group>"; };
		04189D2B24CFBF1E00C57B7E /* Nunito-ExtraBold.ttf */ = {isa = PBXFileReference; lastKnownFileType = file; path = "Nunito-ExtraBold.ttf"; sourceTree = "<group>"; };
		04189D2C24CFBF1E00C57B7E /* Nunito-BoldItalic.ttf */ = {isa = PBXFileReference; lastKnownFileType = file; path = "Nunito-BoldItalic.ttf"; sourceTree = "<group>"; };
		04189D2D24CFBF1E00C57B7E /* Nunito-Light.ttf */ = {isa = PBXFileReference; lastKnownFileType = file; path = "Nunito-Light.ttf"; sourceTree = "<group>"; };
		04189D2E24CFBF1E00C57B7E /* Nunito-BlackItalic.ttf */ = {isa = PBXFileReference; lastKnownFileType = file; path = "Nunito-BlackItalic.ttf"; sourceTree = "<group>"; };
		04189D2F24CFBF1E00C57B7E /* Nunito-SemiBoldItalic.ttf */ = {isa = PBXFileReference; lastKnownFileType = file; path = "Nunito-SemiBoldItalic.ttf"; sourceTree = "<group>"; };
		04189D3024CFBF1E00C57B7E /* Nunito-Black.ttf */ = {isa = PBXFileReference; lastKnownFileType = file; path = "Nunito-Black.ttf"; sourceTree = "<group>"; };
		04189D3124CFBF1E00C57B7E /* Nunito-LightItalic.ttf */ = {isa = PBXFileReference; lastKnownFileType = file; path = "Nunito-LightItalic.ttf"; sourceTree = "<group>"; };
		04189D3224CFBF1F00C57B7E /* Nunito-ExtraLight.ttf */ = {isa = PBXFileReference; lastKnownFileType = file; path = "Nunito-ExtraLight.ttf"; sourceTree = "<group>"; };
		04189D3324CFBF1F00C57B7E /* Nunito-SemiBold.ttf */ = {isa = PBXFileReference; lastKnownFileType = file; path = "Nunito-SemiBold.ttf"; sourceTree = "<group>"; };
		04189D3424CFBF1F00C57B7E /* Nunito-Regular.ttf */ = {isa = PBXFileReference; lastKnownFileType = file; path = "Nunito-Regular.ttf"; sourceTree = "<group>"; };
		04575A1724BF341B0004B1DC /* Current.swift */ = {isa = PBXFileReference; lastKnownFileType = sourcecode.swift; path = Current.swift; sourceTree = "<group>"; };
		04575A1924BFEAF30004B1DC /* InfoViewController.swift */ = {isa = PBXFileReference; lastKnownFileType = sourcecode.swift; path = InfoViewController.swift; sourceTree = "<group>"; };
		04575A1F24C041840004B1DC /* BuyViewController.swift */ = {isa = PBXFileReference; lastKnownFileType = sourcecode.swift; path = BuyViewController.swift; sourceTree = "<group>"; };
		049E902724C42C530001D6F9 /* Cart.swift */ = {isa = PBXFileReference; lastKnownFileType = sourcecode.swift; path = Cart.swift; sourceTree = "<group>"; };
		049E902924C538E40001D6F9 /* ProductViewController.swift */ = {isa = PBXFileReference; lastKnownFileType = sourcecode.swift; path = ProductViewController.swift; sourceTree = "<group>"; };
		049E902B24C555C30001D6F9 /* AddProductViewController.swift */ = {isa = PBXFileReference; lastKnownFileType = sourcecode.swift; path = AddProductViewController.swift; sourceTree = "<group>"; };
		04C0E6A224BF0690002032D7 /* MockAppDemo.app */ = {isa = PBXFileReference; explicitFileType = wrapper.application; includeInIndex = 0; path = MockAppDemo.app; sourceTree = BUILT_PRODUCTS_DIR; };
		04C0E6A524BF0690002032D7 /* AppDelegate.swift */ = {isa = PBXFileReference; lastKnownFileType = sourcecode.swift; path = AppDelegate.swift; sourceTree = "<group>"; };
		04C0E6A724BF0690002032D7 /* SceneDelegate.swift */ = {isa = PBXFileReference; lastKnownFileType = sourcecode.swift; path = SceneDelegate.swift; sourceTree = "<group>"; };
		04C0E6A924BF0690002032D7 /* ViewController.swift */ = {isa = PBXFileReference; lastKnownFileType = sourcecode.swift; path = ViewController.swift; sourceTree = "<group>"; };
		04C0E6AC24BF0690002032D7 /* Base */ = {isa = PBXFileReference; lastKnownFileType = file.storyboard; name = Base; path = Base.lproj/Main.storyboard; sourceTree = "<group>"; };
		04C0E6AE24BF0692002032D7 /* Assets.xcassets */ = {isa = PBXFileReference; lastKnownFileType = folder.assetcatalog; path = Assets.xcassets; sourceTree = "<group>"; };
		04C0E6B124BF0692002032D7 /* Base */ = {isa = PBXFileReference; lastKnownFileType = file.storyboard; name = Base; path = Base.lproj/LaunchScreen.storyboard; sourceTree = "<group>"; };
		04C0E6B324BF0692002032D7 /* Info.plist */ = {isa = PBXFileReference; lastKnownFileType = text.plist.xml; path = Info.plist; sourceTree = "<group>"; };
		04C0E6B924BF08A7002032D7 /* Result.swift */ = {isa = PBXFileReference; lastKnownFileType = sourcecode.swift; path = Result.swift; sourceTree = "<group>"; };
/* End PBXFileReference section */

/* Begin PBXFrameworksBuildPhase section */
		04C0E69F24BF0690002032D7 /* Frameworks */ = {
			isa = PBXFrameworksBuildPhase;
			buildActionMask = 2147483647;
			files = (
			);
			runOnlyForDeploymentPostprocessing = 0;
		};
/* End PBXFrameworksBuildPhase section */

/* Begin PBXGroup section */
		04189D2624CFBEEF00C57B7E /* font */ = {
			isa = PBXGroup;
			children = (
				04189D3024CFBF1E00C57B7E /* Nunito-Black.ttf */,
				04189D2E24CFBF1E00C57B7E /* Nunito-BlackItalic.ttf */,
				04189D2824CFBF1E00C57B7E /* Nunito-Bold.ttf */,
				04189D2C24CFBF1E00C57B7E /* Nunito-BoldItalic.ttf */,
				04189D2B24CFBF1E00C57B7E /* Nunito-ExtraBold.ttf */,
				04189D2724CFBF1E00C57B7E /* Nunito-ExtraBoldItalic.ttf */,
				04189D3224CFBF1F00C57B7E /* Nunito-ExtraLight.ttf */,
				04189D2A24CFBF1E00C57B7E /* Nunito-ExtraLightItalic.ttf */,
				04189D2924CFBF1E00C57B7E /* Nunito-Italic.ttf */,
				04189D2D24CFBF1E00C57B7E /* Nunito-Light.ttf */,
				04189D3124CFBF1E00C57B7E /* Nunito-LightItalic.ttf */,
				04189D3424CFBF1F00C57B7E /* Nunito-Regular.ttf */,
				04189D3324CFBF1F00C57B7E /* Nunito-SemiBold.ttf */,
				04189D2F24CFBF1E00C57B7E /* Nunito-SemiBoldItalic.ttf */,
			);
			path = font;
			sourceTree = "<group>";
		};
		049E902D24C67BBA0001D6F9 /* ViewController */ = {
			isa = PBXGroup;
			children = (
				04C0E6A924BF0690002032D7 /* ViewController.swift */,
				04575A1924BFEAF30004B1DC /* InfoViewController.swift */,
				04575A1F24C041840004B1DC /* BuyViewController.swift */,
				049E902924C538E40001D6F9 /* ProductViewController.swift */,
				049E902B24C555C30001D6F9 /* AddProductViewController.swift */,
			);
			path = ViewController;
			sourceTree = "<group>";
		};
		049E902E24C67BCD0001D6F9 /* Model */ = {
			isa = PBXGroup;
			children = (
				04C0E6B924BF08A7002032D7 /* Result.swift */,
				049E902724C42C530001D6F9 /* Cart.swift */,
			);
			path = Model;
			sourceTree = "<group>";
		};
		049E902F24C67BD60001D6F9 /* Helpers */ = {
			isa = PBXGroup;
			children = (
				04575A1724BF341B0004B1DC /* Current.swift */,
				04189D2424CBE2A900C57B7E /* Utilities.swift */,
			);
			path = Helpers;
			sourceTree = "<group>";
		};
		04C0E69924BF0690002032D7 = {
			isa = PBXGroup;
			children = (
				04C0E6A424BF0690002032D7 /* MockAppDemo */,
				04C0E6A324BF0690002032D7 /* Products */,
			);
			sourceTree = "<group>";
		};
		04C0E6A324BF0690002032D7 /* Products */ = {
			isa = PBXGroup;
			children = (
				04C0E6A224BF0690002032D7 /* MockAppDemo.app */,
			);
			name = Products;
			sourceTree = "<group>";
		};
		04C0E6A424BF0690002032D7 /* MockAppDemo */ = {
			isa = PBXGroup;
			children = (
				04189D2624CFBEEF00C57B7E /* font */,
				049E902F24C67BD60001D6F9 /* Helpers */,
				049E902E24C67BCD0001D6F9 /* Model */,
				049E902D24C67BBA0001D6F9 /* ViewController */,
				04C0E6A524BF0690002032D7 /* AppDelegate.swift */,
				04C0E6A724BF0690002032D7 /* SceneDelegate.swift */,
				04C0E6AB24BF0690002032D7 /* Main.storyboard */,
				04C0E6AE24BF0692002032D7 /* Assets.xcassets */,
				04C0E6B024BF0692002032D7 /* LaunchScreen.storyboard */,
				04C0E6B324BF0692002032D7 /* Info.plist */,
			);
			path = MockAppDemo;
			sourceTree = "<group>";
		};
/* End PBXGroup section */

/* Begin PBXNativeTarget section */
		04C0E6A124BF0690002032D7 /* MockAppDemo */ = {
			isa = PBXNativeTarget;
			buildConfigurationList = 04C0E6B624BF0692002032D7 /* Build configuration list for PBXNativeTarget "MockAppDemo" */;
			buildPhases = (
				04C0E69E24BF0690002032D7 /* Sources */,
				04C0E69F24BF0690002032D7 /* Frameworks */,
				04C0E6A024BF0690002032D7 /* Resources */,
			);
			buildRules = (
			);
			dependencies = (
			);
			name = MockAppDemo;
			productName = MockAppDemo;
			productReference = 04C0E6A224BF0690002032D7 /* MockAppDemo.app */;
			productType = "com.apple.product-type.application";
		};
/* End PBXNativeTarget section */

/* Begin PBXProject section */
		04C0E69A24BF0690002032D7 /* Project object */ = {
			isa = PBXProject;
			attributes = {
				LastSwiftUpdateCheck = 1150;
				LastUpgradeCheck = 1150;
				ORGANIZATIONNAME = mac;
				TargetAttributes = {
					04C0E6A124BF0690002032D7 = {
						CreatedOnToolsVersion = 11.5;
					};
				};
			};
			buildConfigurationList = 04C0E69D24BF0690002032D7 /* Build configuration list for PBXProject "MockAppDemo" */;
			compatibilityVersion = "Xcode 9.3";
			developmentRegion = en;
			hasScannedForEncodings = 0;
			knownRegions = (
				en,
				Base,
			);
			mainGroup = 04C0E69924BF0690002032D7;
			productRefGroup = 04C0E6A324BF0690002032D7 /* Products */;
			projectDirPath = "";
			projectRoot = "";
			targets = (
				04C0E6A124BF0690002032D7 /* MockAppDemo */,
			);
		};
/* End PBXProject section */

/* Begin PBXResourcesBuildPhase section */
		04C0E6A024BF0690002032D7 /* Resources */ = {
			isa = PBXResourcesBuildPhase;
			buildActionMask = 2147483647;
			files = (
				04189D3D24CFBF1F00C57B7E /* Nunito-SemiBoldItalic.ttf in Resources */,
				04189D3824CFBF1F00C57B7E /* Nunito-ExtraLightItalic.ttf in Resources */,
				04C0E6B224BF0692002032D7 /* LaunchScreen.storyboard in Resources */,
				04189D3724CFBF1F00C57B7E /* Nunito-Italic.ttf in Resources */,
				04189D3F24CFBF1F00C57B7E /* Nunito-LightItalic.ttf in Resources */,
				04189D3A24CFBF1F00C57B7E /* Nunito-BoldItalic.ttf in Resources */,
				04189D3624CFBF1F00C57B7E /* Nunito-Bold.ttf in Resources */,
				04C0E6AF24BF0692002032D7 /* Assets.xcassets in Resources */,
				04189D4124CFBF1F00C57B7E /* Nunito-SemiBold.ttf in Resources */,
				04189D3C24CFBF1F00C57B7E /* Nunito-BlackItalic.ttf in Resources */,
				04189D4024CFBF1F00C57B7E /* Nunito-ExtraLight.ttf in Resources */,
				04189D3B24CFBF1F00C57B7E /* Nunito-Light.ttf in Resources */,
				04189D3E24CFBF1F00C57B7E /* Nunito-Black.ttf in Resources */,
				04C0E6AD24BF0690002032D7 /* Main.storyboard in Resources */,
				04189D3524CFBF1F00C57B7E /* Nunito-ExtraBoldItalic.ttf in Resources */,
				04189D4224CFBF1F00C57B7E /* Nunito-Regular.ttf in Resources */,
				04189D3924CFBF1F00C57B7E /* Nunito-ExtraBold.ttf in Resources */,
			);
			runOnlyForDeploymentPostprocessing = 0;
		};
/* End PBXResourcesBuildPhase section */

/* Begin PBXSourcesBuildPhase section */
		04C0E69E24BF0690002032D7 /* Sources */ = {
			isa = PBXSourcesBuildPhase;
			buildActionMask = 2147483647;
			files = (
				04575A1824BF341B0004B1DC /* Current.swift in Sources */,
				049E902A24C538E40001D6F9 /* ProductViewController.swift in Sources */,
				049E902C24C555C30001D6F9 /* AddProductViewController.swift in Sources */,
				04C0E6AA24BF0690002032D7 /* ViewController.swift in Sources */,
				04575A2024C041840004B1DC /* BuyViewController.swift in Sources */,
				04C0E6BA24BF08A7002032D7 /* Result.swift in Sources */,
				04189D2524CBE2A900C57B7E /* Utilities.swift in Sources */,
				04C0E6A624BF0690002032D7 /* AppDelegate.swift in Sources */,
				04575A1A24BFEAF30004B1DC /* InfoViewController.swift in Sources */,
				049E902824C42C530001D6F9 /* Cart.swift in Sources */,
				04C0E6A824BF0690002032D7 /* SceneDelegate.swift in Sources */,
			);
			runOnlyForDeploymentPostprocessing = 0;
		};
/* End PBXSourcesBuildPhase section */

/* Begin PBXVariantGroup section */
		04C0E6AB24BF0690002032D7 /* Main.storyboard */ = {
			isa = PBXVariantGroup;
			children = (
				04C0E6AC24BF0690002032D7 /* Base */,
			);
			name = Main.storyboard;
			sourceTree = "<group>";
		};
		04C0E6B024BF0692002032D7 /* LaunchScreen.storyboard */ = {
			isa = PBXVariantGroup;
			children = (
				04C0E6B124BF0692002032D7 /* Base */,
			);
			name = LaunchScreen.storyboard;
			sourceTree = "<group>";
		};
/* End PBXVariantGroup section */

/* Begin XCBuildConfiguration section */
		04C0E6B424BF0692002032D7 /* Debug */ = {
			isa = XCBuildConfiguration;
			buildSettings = {
				ALWAYS_SEARCH_USER_PATHS = NO;
				CLANG_ANALYZER_NONNULL = YES;
				CLANG_ANALYZER_NUMBER_OBJECT_CONVERSION = YES_AGGRESSIVE;
				CLANG_CXX_LANGUAGE_STANDARD = "gnu++14";
				CLANG_CXX_LIBRARY = "libc++";
				CLANG_ENABLE_MODULES = YES;
				CLANG_ENABLE_OBJC_ARC = YES;
				CLANG_ENABLE_OBJC_WEAK = YES;
				CLANG_WARN_BLOCK_CAPTURE_AUTORELEASING = YES;
				CLANG_WARN_BOOL_CONVERSION = YES;
				CLANG_WARN_COMMA = YES;
				CLANG_WARN_CONSTANT_CONVERSION = YES;
				CLANG_WARN_DEPRECATED_OBJC_IMPLEMENTATIONS = YES;
				CLANG_WARN_DIRECT_OBJC_ISA_USAGE = YES_ERROR;
				CLANG_WARN_DOCUMENTATION_COMMENTS = YES;
				CLANG_WARN_EMPTY_BODY = YES;
				CLANG_WARN_ENUM_CONVERSION = YES;
				CLANG_WARN_INFINITE_RECURSION = YES;
				CLANG_WARN_INT_CONVERSION = YES;
				CLANG_WARN_NON_LITERAL_NULL_CONVERSION = YES;
				CLANG_WARN_OBJC_IMPLICIT_RETAIN_SELF = YES;
				CLANG_WARN_OBJC_LITERAL_CONVERSION = YES;
				CLANG_WARN_OBJC_ROOT_CLASS = YES_ERROR;
				CLANG_WARN_RANGE_LOOP_ANALYSIS = YES;
				CLANG_WARN_STRICT_PROTOTYPES = YES;
				CLANG_WARN_SUSPICIOUS_MOVE = YES;
				CLANG_WARN_UNGUARDED_AVAILABILITY = YES_AGGRESSIVE;
				CLANG_WARN_UNREACHABLE_CODE = YES;
				CLANG_WARN__DUPLICATE_METHOD_MATCH = YES;
				COPY_PHASE_STRIP = NO;
				DEBUG_INFORMATION_FORMAT = dwarf;
				ENABLE_STRICT_OBJC_MSGSEND = YES;
				ENABLE_TESTABILITY = YES;
				GCC_C_LANGUAGE_STANDARD = gnu11;
				GCC_DYNAMIC_NO_PIC = NO;
				GCC_NO_COMMON_BLOCKS = YES;
				GCC_OPTIMIZATION_LEVEL = 0;
				GCC_PREPROCESSOR_DEFINITIONS = (
					"DEBUG=1",
					"$(inherited)",
				);
				GCC_WARN_64_TO_32_BIT_CONVERSION = YES;
				GCC_WARN_ABOUT_RETURN_TYPE = YES_ERROR;
				GCC_WARN_UNDECLARED_SELECTOR = YES;
				GCC_WARN_UNINITIALIZED_AUTOS = YES_AGGRESSIVE;
				GCC_WARN_UNUSED_FUNCTION = YES;
				GCC_WARN_UNUSED_VARIABLE = YES;
				IPHONEOS_DEPLOYMENT_TARGET = 13.5;
				MTL_ENABLE_DEBUG_INFO = INCLUDE_SOURCE;
				MTL_FAST_MATH = YES;
				ONLY_ACTIVE_ARCH = YES;
				SDKROOT = iphoneos;
				SWIFT_ACTIVE_COMPILATION_CONDITIONS = DEBUG;
				SWIFT_OPTIMIZATION_LEVEL = "-Onone";
			};
			name = Debug;
		};
		04C0E6B524BF0692002032D7 /* Release */ = {
			isa = XCBuildConfiguration;
			buildSettings = {
				ALWAYS_SEARCH_USER_PATHS = NO;
				CLANG_ANALYZER_NONNULL = YES;
				CLANG_ANALYZER_NUMBER_OBJECT_CONVERSION = YES_AGGRESSIVE;
				CLANG_CXX_LANGUAGE_STANDARD = "gnu++14";
				CLANG_CXX_LIBRARY = "libc++";
				CLANG_ENABLE_MODULES = YES;
				CLANG_ENABLE_OBJC_ARC = YES;
				CLANG_ENABLE_OBJC_WEAK = YES;
				CLANG_WARN_BLOCK_CAPTURE_AUTORELEASING = YES;
				CLANG_WARN_BOOL_CONVERSION = YES;
				CLANG_WARN_COMMA = YES;
				CLANG_WARN_CONSTANT_CONVERSION = YES;
				CLANG_WARN_DEPRECATED_OBJC_IMPLEMENTATIONS = YES;
				CLANG_WARN_DIRECT_OBJC_ISA_USAGE = YES_ERROR;
				CLANG_WARN_DOCUMENTATION_COMMENTS = YES;
				CLANG_WARN_EMPTY_BODY = YES;
				CLANG_WARN_ENUM_CONVERSION = YES;
				CLANG_WARN_INFINITE_RECURSION = YES;
				CLANG_WARN_INT_CONVERSION = YES;
				CLANG_WARN_NON_LITERAL_NULL_CONVERSION = YES;
				CLANG_WARN_OBJC_IMPLICIT_RETAIN_SELF = YES;
				CLANG_WARN_OBJC_LITERAL_CONVERSION = YES;
				CLANG_WARN_OBJC_ROOT_CLASS = YES_ERROR;
				CLANG_WARN_RANGE_LOOP_ANALYSIS = YES;
				CLANG_WARN_STRICT_PROTOTYPES = YES;
				CLANG_WARN_SUSPICIOUS_MOVE = YES;
				CLANG_WARN_UNGUARDED_AVAILABILITY = YES_AGGRESSIVE;
				CLANG_WARN_UNREACHABLE_CODE = YES;
				CLANG_WARN__DUPLICATE_METHOD_MATCH = YES;
				COPY_PHASE_STRIP = NO;
				DEBUG_INFORMATION_FORMAT = "dwarf-with-dsym";
				ENABLE_NS_ASSERTIONS = NO;
				ENABLE_STRICT_OBJC_MSGSEND = YES;
				GCC_C_LANGUAGE_STANDARD = gnu11;
				GCC_NO_COMMON_BLOCKS = YES;
				GCC_WARN_64_TO_32_BIT_CONVERSION = YES;
				GCC_WARN_ABOUT_RETURN_TYPE = YES_ERROR;
				GCC_WARN_UNDECLARED_SELECTOR = YES;
				GCC_WARN_UNINITIALIZED_AUTOS = YES_AGGRESSIVE;
				GCC_WARN_UNUSED_FUNCTION = YES;
				GCC_WARN_UNUSED_VARIABLE = YES;
				IPHONEOS_DEPLOYMENT_TARGET = 13.5;
				MTL_ENABLE_DEBUG_INFO = NO;
				MTL_FAST_MATH = YES;
				SDKROOT = iphoneos;
				SWIFT_COMPILATION_MODE = wholemodule;
				SWIFT_OPTIMIZATION_LEVEL = "-O";
				VALIDATE_PRODUCT = YES;
			};
			name = Release;
		};
		04C0E6B724BF0692002032D7 /* Debug */ = {
			isa = XCBuildConfiguration;
			buildSettings = {
				ASSETCATALOG_COMPILER_APPICON_NAME = AppIcon;
				CODE_SIGN_STYLE = Automatic;
				DEVELOPMENT_TEAM = MM257LS464;
				INFOPLIST_FILE = MockAppDemo/Info.plist;
				IPHONEOS_DEPLOYMENT_TARGET = 13.4;
				LD_RUNPATH_SEARCH_PATHS = (
					"$(inherited)",
					"@executable_path/Frameworks",
				);
				PRODUCT_BUNDLE_IDENTIFIER = meomam99.MockAppDemo;
				PRODUCT_NAME = "$(TARGET_NAME)";
				SWIFT_VERSION = 5.0;
				TARGETED_DEVICE_FAMILY = "1,2";
			};
			name = Debug;
		};
		04C0E6B824BF0692002032D7 /* Release */ = {
			isa = XCBuildConfiguration;
			buildSettings = {
				ASSETCATALOG_COMPILER_APPICON_NAME = AppIcon;
				CODE_SIGN_STYLE = Automatic;
				DEVELOPMENT_TEAM = MM257LS464;
				INFOPLIST_FILE = MockAppDemo/Info.plist;
				IPHONEOS_DEPLOYMENT_TARGET = 13.4;
				LD_RUNPATH_SEARCH_PATHS = (
					"$(inherited)",
					"@executable_path/Frameworks",
				);
				PRODUCT_BUNDLE_IDENTIFIER = meomam99.MockAppDemo;
				PRODUCT_NAME = "$(TARGET_NAME)";
				SWIFT_VERSION = 5.0;
				TARGETED_DEVICE_FAMILY = "1,2";
			};
			name = Release;
		};
/* End XCBuildConfiguration section */

/* Begin XCConfigurationList section */
		04C0E69D24BF0690002032D7 /* Build configuration list for PBXProject "MockAppDemo" */ = {
			isa = XCConfigurationList;
			buildConfigurations = (
				04C0E6B424BF0692002032D7 /* Debug */,
				04C0E6B524BF0692002032D7 /* Release */,
			);
			defaultConfigurationIsVisible = 0;
			defaultConfigurationName = Release;
		};
		04C0E6B624BF0692002032D7 /* Build configuration list for PBXNativeTarget "MockAppDemo" */ = {
			isa = XCConfigurationList;
			buildConfigurations = (
				04C0E6B724BF0692002032D7 /* Debug */,
				04C0E6B824BF0692002032D7 /* Release */,
			);
			defaultConfigurationIsVisible = 0;
			defaultConfigurationName = Release;
		};
/* End XCConfigurationList section */
	};
	rootObject = 04C0E69A24BF0690002032D7 /* Project object */;
}
